// !$*UTF8*$!
{
	archiveVersion = 1;
	classes = {
	};
	objectVersion = 50;
	objects = {

/* Begin PBXBuildFile section */
		59EF049324CBAA8AA994A355 /* Pods_ParseWithSwiftUI.framework in Frameworks */ = {isa = PBXBuildFile; fileRef = 355240029C86CD77EFAD7828 /* Pods_ParseWithSwiftUI.framework */; };
		6687A0D225C4901E0063EAD4 /* ParseWithSwiftUIApp.swift in Sources */ = {isa = PBXBuildFile; fileRef = 6687A0D125C4901E0063EAD4 /* ParseWithSwiftUIApp.swift */; };
		6687A0D425C4901E0063EAD4 /* ContentView.swift in Sources */ = {isa = PBXBuildFile; fileRef = 6687A0D325C4901E0063EAD4 /* ContentView.swift */; };
		6687A0D625C4901F0063EAD4 /* Assets.xcassets in Resources */ = {isa = PBXBuildFile; fileRef = 6687A0D525C4901F0063EAD4 /* Assets.xcassets */; };
		6687A0D925C4901F0063EAD4 /* Preview Assets.xcassets in Resources */ = {isa = PBXBuildFile; fileRef = 6687A0D825C4901F0063EAD4 /* Preview Assets.xcassets */; };
/* End PBXBuildFile section */

/* Begin PBXFileReference section */
		28852B6716270F712B4557B2 /* Pods-ParseWithSwiftUI.release.xcconfig */ = {isa = PBXFileReference; includeInIndex = 1; lastKnownFileType = text.xcconfig; name = "Pods-ParseWithSwiftUI.release.xcconfig"; path = "Target Support Files/Pods-ParseWithSwiftUI/Pods-ParseWithSwiftUI.release.xcconfig"; sourceTree = "<group>"; };
		355240029C86CD77EFAD7828 /* Pods_ParseWithSwiftUI.framework */ = {isa = PBXFileReference; explicitFileType = wrapper.framework; includeInIndex = 0; path = Pods_ParseWithSwiftUI.framework; sourceTree = BUILT_PRODUCTS_DIR; };
		6687A0CE25C4901E0063EAD4 /* ParseWithSwiftUI.app */ = {isa = PBXFileReference; explicitFileType = wrapper.application; includeInIndex = 0; path = ParseWithSwiftUI.app; sourceTree = BUILT_PRODUCTS_DIR; };
		6687A0D125C4901E0063EAD4 /* ParseWithSwiftUIApp.swift */ = {isa = PBXFileReference; lastKnownFileType = sourcecode.swift; path = ParseWithSwiftUIApp.swift; sourceTree = "<group>"; };
		6687A0D325C4901E0063EAD4 /* ContentView.swift */ = {isa = PBXFileReference; lastKnownFileType = sourcecode.swift; path = ContentView.swift; sourceTree = "<group>"; };
		6687A0D525C4901F0063EAD4 /* Assets.xcassets */ = {isa = PBXFileReference; lastKnownFileType = folder.assetcatalog; path = Assets.xcassets; sourceTree = "<group>"; };
		6687A0D825C4901F0063EAD4 /* Preview Assets.xcassets */ = {isa = PBXFileReference; lastKnownFileType = folder.assetcatalog; path = "Preview Assets.xcassets"; sourceTree = "<group>"; };
		6687A0DA25C4901F0063EAD4 /* Info.plist */ = {isa = PBXFileReference; lastKnownFileType = text.plist.xml; path = Info.plist; sourceTree = "<group>"; };
		B95801764EA9FD9C86080FE4 /* Pods-ParseWithSwiftUI.debug.xcconfig */ = {isa = PBXFileReference; includeInIndex = 1; lastKnownFileType = text.xcconfig; name = "Pods-ParseWithSwiftUI.debug.xcconfig"; path = "Target Support Files/Pods-ParseWithSwiftUI/Pods-ParseWithSwiftUI.debug.xcconfig"; sourceTree = "<group>"; };
/* End PBXFileReference section */

/* Begin PBXFrameworksBuildPhase section */
		6687A0CB25C4901E0063EAD4 /* Frameworks */ = {
			isa = PBXFrameworksBuildPhase;
			buildActionMask = 2147483647;
			files = (
				59EF049324CBAA8AA994A355 /* Pods_ParseWithSwiftUI.framework in Frameworks */,
			);
			runOnlyForDeploymentPostprocessing = 0;
		};
/* End PBXFrameworksBuildPhase section */

/* Begin PBXGroup section */
		0E70FE78759FB6A843003E5B /* Pods */ = {
			isa = PBXGroup;
			children = (
				B95801764EA9FD9C86080FE4 /* Pods-ParseWithSwiftUI.debug.xcconfig */,
				28852B6716270F712B4557B2 /* Pods-ParseWithSwiftUI.release.xcconfig */,
			);
			name = Pods;
			path = Pods;
			sourceTree = "<group>";
		};
		6687A0C525C4901E0063EAD4 = {
			isa = PBXGroup;
			children = (
				6687A0D025C4901E0063EAD4 /* ParseWithSwiftUI */,
				6687A0CF25C4901E0063EAD4 /* Products */,
				0E70FE78759FB6A843003E5B /* Pods */,
				FFB54B934B9F661AE199F3A9 /* Frameworks */,
			);
			sourceTree = "<group>";
		};
		6687A0CF25C4901E0063EAD4 /* Products */ = {
			isa = PBXGroup;
			children = (
				6687A0CE25C4901E0063EAD4 /* ParseWithSwiftUI.app */,
			);
			name = Products;
			sourceTree = "<group>";
		};
		6687A0D025C4901E0063EAD4 /* ParseWithSwiftUI */ = {
			isa = PBXGroup;
			children = (
				6687A0D125C4901E0063EAD4 /* ParseWithSwiftUIApp.swift */,
				6687A0D325C4901E0063EAD4 /* ContentView.swift */,
				6687A0D525C4901F0063EAD4 /* Assets.xcassets */,
				6687A0DA25C4901F0063EAD4 /* Info.plist */,
				6687A0D725C4901F0063EAD4 /* Preview Content */,
			);
			path = ParseWithSwiftUI;
			sourceTree = "<group>";
		};
		6687A0D725C4901F0063EAD4 /* Preview Content */ = {
			isa = PBXGroup;
			children = (
				6687A0D825C4901F0063EAD4 /* Preview Assets.xcassets */,
			);
			path = "Preview Content";
			sourceTree = "<group>";
		};
		FFB54B934B9F661AE199F3A9 /* Frameworks */ = {
			isa = PBXGroup;
			children = (
				355240029C86CD77EFAD7828 /* Pods_ParseWithSwiftUI.framework */,
			);
			name = Frameworks;
			sourceTree = "<group>";
		};
/* End PBXGroup section */

/* Begin PBXNativeTarget section */
		6687A0CD25C4901E0063EAD4 /* ParseWithSwiftUI */ = {
			isa = PBXNativeTarget;
			buildConfigurationList = 6687A0DD25C4901F0063EAD4 /* Build configuration list for PBXNativeTarget "ParseWithSwiftUI" */;
			buildPhases = (
				F723DEBF82CD1798989C4DA2 /* [CP] Check Pods Manifest.lock */,
				6687A0CA25C4901E0063EAD4 /* Sources */,
				6687A0CB25C4901E0063EAD4 /* Frameworks */,
				6687A0CC25C4901E0063EAD4 /* Resources */,
				F3764EE10315F8B6AD2DBFB3 /* [CP] Embed Pods Frameworks */,
			);
			buildRules = (
			);
			dependencies = (
			);
			name = ParseWithSwiftUI;
			productName = ParseWithSwiftUI;
			productReference = 6687A0CE25C4901E0063EAD4 /* ParseWithSwiftUI.app */;
			productType = "com.apple.product-type.application";
		};
/* End PBXNativeTarget section */

/* Begin PBXProject section */
		6687A0C625C4901E0063EAD4 /* Project object */ = {
			isa = PBXProject;
			attributes = {
				LastSwiftUpdateCheck = 1240;
				LastUpgradeCheck = 1240;
				TargetAttributes = {
					6687A0CD25C4901E0063EAD4 = {
						CreatedOnToolsVersion = 12.4;
					};
				};
			};
			buildConfigurationList = 6687A0C925C4901E0063EAD4 /* Build configuration list for PBXProject "ParseWithSwiftUI" */;
			compatibilityVersion = "Xcode 9.3";
			developmentRegion = en;
			hasScannedForEncodings = 0;
			knownRegions = (
				en,
				Base,
			);
			mainGroup = 6687A0C525C4901E0063EAD4;
			productRefGroup = 6687A0CF25C4901E0063EAD4 /* Products */;
			projectDirPath = "";
			projectRoot = "";
			targets = (
				6687A0CD25C4901E0063EAD4 /* ParseWithSwiftUI */,
			);
		};
/* End PBXProject section */

/* Begin PBXResourcesBuildPhase section */
		6687A0CC25C4901E0063EAD4 /* Resources */ = {
			isa = PBXResourcesBuildPhase;
			buildActionMask = 2147483647;
			files = (
				6687A0D925C4901F0063EAD4 /* Preview Assets.xcassets in Resources */,
				6687A0D625C4901F0063EAD4 /* Assets.xcassets in Resources */,
			);
			runOnlyForDeploymentPostprocessing = 0;
		};
/* End PBXResourcesBuildPhase section */

/* Begin PBXShellScriptBuildPhase section */
		F3764EE10315F8B6AD2DBFB3 /* [CP] Embed Pods Frameworks */ = {
			isa = PBXShellScriptBuildPhase;
			buildActionMask = 2147483647;
			files = (
			);
			inputFileListPaths = (
				"${PODS_ROOT}/Target Support Files/Pods-ParseWithSwiftUI/Pods-ParseWithSwiftUI-frameworks-${CONFIGURATION}-input-files.xcfilelist",
			);
			name = "[CP] Embed Pods Frameworks";
			outputFileListPaths = (
				"${PODS_ROOT}/Target Support Files/Pods-ParseWithSwiftUI/Pods-ParseWithSwiftUI-frameworks-${CONFIGURATION}-output-files.xcfilelist",
			);
			runOnlyForDeploymentPostprocessing = 0;
			shellPath = /bin/sh;
			shellScript = "\"${PODS_ROOT}/Target Support Files/Pods-ParseWithSwiftUI/Pods-ParseWithSwiftUI-frameworks.sh\"\n";
			showEnvVarsInLog = 0;
		};
		F723DEBF82CD1798989C4DA2 /* [CP] Check Pods Manifest.lock */ = {
			isa = PBXShellScriptBuildPhase;
			buildActionMask = 2147483647;
			files = (
			);
			inputFileListPaths = (
			);
			inputPaths = (
				"${PODS_PODFILE_DIR_PATH}/Podfile.lock",
				"${PODS_ROOT}/Manifest.lock",
			);
			name = "[CP] Check Pods Manifest.lock";
			outputFileListPaths = (
			);
			outputPaths = (
				"$(DERIVED_FILE_DIR)/Pods-ParseWithSwiftUI-checkManifestLockResult.txt",
			);
			runOnlyForDeploymentPostprocessing = 0;
			shellPath = /bin/sh;
			shellScript = "diff \"${PODS_PODFILE_DIR_PATH}/Podfile.lock\" \"${PODS_ROOT}/Manifest.lock\" > /dev/null\nif [ $? != 0 ] ; then\n    # print error to STDERR\n    echo \"error: The sandbox is not in sync with the Podfile.lock. Run 'pod install' or update your CocoaPods installation.\" >&2\n    exit 1\nfi\n# This output is used by Xcode 'outputs' to avoid re-running this script phase.\necho \"SUCCESS\" > \"${SCRIPT_OUTPUT_FILE_0}\"\n";
			showEnvVarsInLog = 0;
		};
/* End PBXShellScriptBuildPhase section */

/* Begin PBXSourcesBuildPhase section */
		6687A0CA25C4901E0063EAD4 /* Sources */ = {
			isa = PBXSourcesBuildPhase;
			buildActionMask = 2147483647;
			files = (
				6687A0D425C4901E0063EAD4 /* ContentView.swift in Sources */,
				6687A0D225C4901E0063EAD4 /* ParseWithSwiftUIApp.swift in Sources */,
			);
			runOnlyForDeploymentPostprocessing = 0;
		};
/* End PBXSourcesBuildPhase section */

/* Begin XCBuildConfiguration section */
		6687A0DB25C4901F0063EAD4 /* Debug */ = {
			isa = XCBuildConfiguration;
			buildSettings = {
				ALWAYS_SEARCH_USER_PATHS = NO;
				CLANG_ANALYZER_NONNULL = YES;
				CLANG_ANALYZER_NUMBER_OBJECT_CONVERSION = YES_AGGRESSIVE;
				CLANG_CXX_LANGUAGE_STANDARD = "gnu++14";
				CLANG_CXX_LIBRARY = "libc++";
				CLANG_ENABLE_MODULES = YES;
				CLANG_ENABLE_OBJC_ARC = YES;
				CLANG_ENABLE_OBJC_WEAK = YES;
				CLANG_WARN_BLOCK_CAPTURE_AUTORELEASING = YES;
				CLANG_WARN_BOOL_CONVERSION = YES;
				CLANG_WARN_COMMA = YES;
				CLANG_WARN_CONSTANT_CONVERSION = YES;
				CLANG_WARN_DEPRECATED_OBJC_IMPLEMENTATIONS = YES;
				CLANG_WARN_DIRECT_OBJC_ISA_USAGE = YES_ERROR;
				CLANG_WARN_DOCUMENTATION_COMMENTS = YES;
				CLANG_WARN_EMPTY_BODY = YES;
				CLANG_WARN_ENUM_CONVERSION = YES;
				CLANG_WARN_INFINITE_RECURSION = YES;
				CLANG_WARN_INT_CONVERSION = YES;
				CLANG_WARN_NON_LITERAL_NULL_CONVERSION = YES;
				CLANG_WARN_OBJC_IMPLICIT_RETAIN_SELF = YES;
				CLANG_WARN_OBJC_LITERAL_CONVERSION = YES;
				CLANG_WARN_OBJC_ROOT_CLASS = YES_ERROR;
				CLANG_WARN_QUOTED_INCLUDE_IN_FRAMEWORK_HEADER = YES;
				CLANG_WARN_RANGE_LOOP_ANALYSIS = YES;
				CLANG_WARN_STRICT_PROTOTYPES = YES;
				CLANG_WARN_SUSPICIOUS_MOVE = YES;
				CLANG_WARN_UNGUARDED_AVAILABILITY = YES_AGGRESSIVE;
				CLANG_WARN_UNREACHABLE_CODE = YES;
				CLANG_WARN__DUPLICATE_METHOD_MATCH = YES;
				COPY_PHASE_STRIP = NO;
				DEBUG_INFORMATION_FORMAT = dwarf;
				ENABLE_STRICT_OBJC_MSGSEND = YES;
				ENABLE_TESTABILITY = YES;
				GCC_C_LANGUAGE_STANDARD = gnu11;
				GCC_DYNAMIC_NO_PIC = NO;
				GCC_NO_COMMON_BLOCKS = YES;
				GCC_OPTIMIZATION_LEVEL = 0;
				GCC_PREPROCESSOR_DEFINITIONS = (
					"DEBUG=1",
					"$(inherited)",
				);
				GCC_WARN_64_TO_32_BIT_CONVERSION = YES;
				GCC_WARN_ABOUT_RETURN_TYPE = YES_ERROR;
				GCC_WARN_UNDECLARED_SELECTOR = YES;
				GCC_WARN_UNINITIALIZED_AUTOS = YES_AGGRESSIVE;
				GCC_WARN_UNUSED_FUNCTION = YES;
				GCC_WARN_UNUSED_VARIABLE = YES;
				IPHONEOS_DEPLOYMENT_TARGET = 14.4;
				MTL_ENABLE_DEBUG_INFO = INCLUDE_SOURCE;
				MTL_FAST_MATH = YES;
				ONLY_ACTIVE_ARCH = YES;
				SDKROOT = iphoneos;
				SWIFT_ACTIVE_COMPILATION_CONDITIONS = DEBUG;
				SWIFT_OPTIMIZATION_LEVEL = "-Onone";
			};
			name = Debug;
		};
		6687A0DC25C4901F0063EAD4 /* Release */ = {
			isa = XCBuildConfiguration;
			buildSettings = {
				ALWAYS_SEARCH_USER_PATHS = NO;
				CLANG_ANALYZER_NONNULL = YES;
				CLANG_ANALYZER_NUMBER_OBJECT_CONVERSION = YES_AGGRESSIVE;
				CLANG_CXX_LANGUAGE_STANDARD = "gnu++14";
				CLANG_CXX_LIBRARY = "libc++";
				CLANG_ENABLE_MODULES = YES;
				CLANG_ENABLE_OBJC_ARC = YES;
				CLANG_ENABLE_OBJC_WEAK = YES;
				CLANG_WARN_BLOCK_CAPTURE_AUTORELEASING = YES;
				CLANG_WARN_BOOL_CONVERSION = YES;
				CLANG_WARN_COMMA = YES;
				CLANG_WARN_CONSTANT_CONVERSION = YES;
				CLANG_WARN_DEPRECATED_OBJC_IMPLEMENTATIONS = YES;
				CLANG_WARN_DIRECT_OBJC_ISA_USAGE = YES_ERROR;
				CLANG_WARN_DOCUMENTATION_COMMENTS = YES;
				CLANG_WARN_EMPTY_BODY = YES;
				CLANG_WARN_ENUM_CONVERSION = YES;
				CLANG_WARN_INFINITE_RECURSION = YES;
				CLANG_WARN_INT_CONVERSION = YES;
				CLANG_WARN_NON_LITERAL_NULL_CONVERSION = YES;
				CLANG_WARN_OBJC_IMPLICIT_RETAIN_SELF = YES;
				CLANG_WARN_OBJC_LITERAL_CONVERSION = YES;
				CLANG_WARN_OBJC_ROOT_CLASS = YES_ERROR;
				CLANG_WARN_QUOTED_INCLUDE_IN_FRAMEWORK_HEADER = YES;
				CLANG_WARN_RANGE_LOOP_ANALYSIS = YES;
				CLANG_WARN_STRICT_PROTOTYPES = YES;
				CLANG_WARN_SUSPICIOUS_MOVE = YES;
				CLANG_WARN_UNGUARDED_AVAILABILITY = YES_AGGRESSIVE;
				CLANG_WARN_UNREACHABLE_CODE = YES;
				CLANG_WARN__DUPLICATE_METHOD_MATCH = YES;
				COPY_PHASE_STRIP = NO;
				DEBUG_INFORMATION_FORMAT = "dwarf-with-dsym";
				ENABLE_NS_ASSERTIONS = NO;
				ENABLE_STRICT_OBJC_MSGSEND = YES;
				GCC_C_LANGUAGE_STANDARD = gnu11;
				GCC_NO_COMMON_BLOCKS = YES;
				GCC_WARN_64_TO_32_BIT_CONVERSION = YES;
				GCC_WARN_ABOUT_RETURN_TYPE = YES_ERROR;
				GCC_WARN_UNDECLARED_SELECTOR = YES;
				GCC_WARN_UNINITIALIZED_AUTOS = YES_AGGRESSIVE;
				GCC_WARN_UNUSED_FUNCTION = YES;
				GCC_WARN_UNUSED_VARIABLE = YES;
				IPHONEOS_DEPLOYMENT_TARGET = 14.4;
				MTL_ENABLE_DEBUG_INFO = NO;
				MTL_FAST_MATH = YES;
				SDKROOT = iphoneos;
				SWIFT_COMPILATION_MODE = wholemodule;
				SWIFT_OPTIMIZATION_LEVEL = "-O";
				VALIDATE_PRODUCT = YES;
			};
			name = Release;
		};
		6687A0DE25C4901F0063EAD4 /* Debug */ = {
			isa = XCBuildConfiguration;
			baseConfigurationReference = B95801764EA9FD9C86080FE4 /* Pods-ParseWithSwiftUI.debug.xcconfig */;
			buildSettings = {
				ASSETCATALOG_COMPILER_APPICON_NAME = AppIcon;
				ASSETCATALOG_COMPILER_GLOBAL_ACCENT_COLOR_NAME = AccentColor;
				CODE_SIGN_STYLE = Automatic;
				DEVELOPMENT_ASSET_PATHS = "\"ParseWithSwiftUI/Preview Content\"";
				DEVELOPMENT_TEAM = BWL8ZHTRL5;
				ENABLE_PREVIEWS = YES;
				INFOPLIST_FILE = ParseWithSwiftUI/Info.plist;
				IPHONEOS_DEPLOYMENT_TARGET = 14.0;
				LD_RUNPATH_SEARCH_PATHS = (
					"$(inherited)",
					"@executable_path/Frameworks",
				);
				PRODUCT_BUNDLE_IDENTIFIER = com.back4app.ParseWithSwiftUI;
				PRODUCT_NAME = "$(TARGET_NAME)";
				SWIFT_VERSION = 5.0;
				TARGETED_DEVICE_FAMILY = "1,2";
			};
			name = Debug;
		};
		6687A0DF25C4901F0063EAD4 /* Release */ = {
			isa = XCBuildConfiguration;
			baseConfigurationReference = 28852B6716270F712B4557B2 /* Pods-ParseWithSwiftUI.release.xcconfig */;
			buildSettings = {
				ASSETCATALOG_COMPILER_APPICON_NAME = AppIcon;
				ASSETCATALOG_COMPILER_GLOBAL_ACCENT_COLOR_NAME = AccentColor;
				CODE_SIGN_STYLE = Automatic;
				DEVELOPMENT_ASSET_PATHS = "\"ParseWithSwiftUI/Preview Content\"";
				DEVELOPMENT_TEAM = BWL8ZHTRL5;
				ENABLE_PREVIEWS = YES;
				INFOPLIST_FILE = ParseWithSwiftUI/Info.plist;
				IPHONEOS_DEPLOYMENT_TARGET = 14.0;
				LD_RUNPATH_SEARCH_PATHS = (
					"$(inherited)",
					"@executable_path/Frameworks",
				);
				PRODUCT_BUNDLE_IDENTIFIER = com.back4app.ParseWithSwiftUI;
				PRODUCT_NAME = "$(TARGET_NAME)";
				SWIFT_VERSION = 5.0;
				TARGETED_DEVICE_FAMILY = "1,2";
			};
			name = Release;
		};
/* End XCBuildConfiguration section */

/* Begin XCConfigurationList section */
		6687A0C925C4901E0063EAD4 /* Build configuration list for PBXProject "ParseWithSwiftUI" */ = {
			isa = XCConfigurationList;
			buildConfigurations = (
				6687A0DB25C4901F0063EAD4 /* Debug */,
				6687A0DC25C4901F0063EAD4 /* Release */,
			);
			defaultConfigurationIsVisible = 0;
			defaultConfigurationName = Release;
		};
		6687A0DD25C4901F0063EAD4 /* Build configuration list for PBXNativeTarget "ParseWithSwiftUI" */ = {
			isa = XCConfigurationList;
			buildConfigurations = (
				6687A0DE25C4901F0063EAD4 /* Debug */,
				6687A0DF25C4901F0063EAD4 /* Release */,
			);
			defaultConfigurationIsVisible = 0;
			defaultConfigurationName = Release;
		};
/* End XCConfigurationList section */
	};
	rootObject = 6687A0C625C4901E0063EAD4 /* Project object */;
}
